
Microsoft Visual Studio Solution File, Format Version 12.00
# Visual Studio Version 16
VisualStudioVersion = 16.0.29509.3
MinimumVisualStudioVersion = 10.0.40219.1
Project("{FAE04EC0-301F-11D3-BF4B-00C04F79EFBC}") = "Yatzee", "Yatzee\Yatzee.csproj", "{F10FF9E2-9313-4E89-94A1-F1494D754B6C}"
EndProject
Project("{2150E333-8FDC-42A3-9474-1A3956D46DE8}") = "Solution Items", "Solution Items", "{8CB7884D-F060-4694-B24B-C4C0382FD211}"
EndProject
Global
	GlobalSection(SolutionConfigurationPlatforms) = preSolution
		Debug|Any CPU = Debug|Any CPU
		Release|Any CPU = Release|Any CPU
	EndGlobalSection
	GlobalSection(ProjectConfigurationPlatforms) = postSolution
		{F10FF9E2-9313-4E89-94A1-F1494D754B6C}.Debug|Any CPU.ActiveCfg = Debug|Any CPU
		{F10FF9E2-9313-4E89-94A1-F1494D754B6C}.Debug|Any CPU.Build.0 = Debug|Any CPU
		{F10FF9E2-9313-4E89-94A1-F1494D754B6C}.Release|Any CPU.ActiveCfg = Release|Any CPU
		{F10FF9E2-9313-4E89-94A1-F1494D754B6C}.Release|Any CPU.Build.0 = Release|Any CPU
	EndGlobalSection
	GlobalSection(SolutionProperties) = preSolution
		HideSolutionNode = FALSE
	EndGlobalSection
	GlobalSection(ExtensibilityGlobals) = postSolution
		SolutionGuid = {92A31C06-B4F5-4A45-AD48-66350420A8DE}
	EndGlobalSection
EndGlobal
